{
  "version": 4,
  "terraform_version": "1.5.7",
  "serial": 1,
  "lineage": "a050e9d3-962b-793e-d05d-13b58e3d1d18",
  "outputs": {},
  "resources": [
    {
      "mode": "managed",
      "type": "kubectl_manifest",
      "name": "node-js",
      "provider": "provider[\"registry.terraform.io/gavinbunney/kubectl\"]",
      "instances": [
        {
          "status": "tainted",
          "schema_version": 1,
          "attributes": {
            "api_version": "apps/v1",
            "apply_only": false,
            "force_conflicts": false,
            "force_new": false,
            "id": "/apis/apps/v1/namespaces/default/deployments/nodejs-app",
            "ignore_fields": null,
            "kind": "Deployment",
            "live_manifest_incluster": "3b656eb979de0c46d25823a9910752763fdf25eb3fcff95bfe5239bae01e7da0",
            "live_uid": "89bd8b9e-fe69-4706-8edb-f427895f9f08",
            "name": "nodejs-app",
            "namespace": null,
            "override_namespace": null,
            "sensitive_fields": null,
            "server_side_apply": false,
            "timeouts": null,
            "uid": "89bd8b9e-fe69-4706-8edb-f427895f9f08",
            "validate_schema": true,
            "wait": null,
            "wait_for_rollout": true,
            "yaml_body": "apiVersion: apps/v1\nkind: Deployment\nmetadata:\n  name: nodejs-app\nspec:\n  replicas: 1\n  selector:\n    matchLabels:\n      app: nodejs-app\n  template:\n    metadata:\n      labels:\n        app: nodejs-app\n    spec:\n      containers:\n        - name: nodejs-app\n          image: akurasy/hello-express:latest\n          ports:\n            - containerPort: 3000\n\n",
            "yaml_body_parsed": "apiVersion: apps/v1\nkind: Deployment\nmetadata:\n  name: nodejs-app\nspec:\n  replicas: 1\n  selector:\n    matchLabels:\n      app: nodejs-app\n  template:\n    metadata:\n      labels:\n        app: nodejs-app\n    spec:\n      containers:\n      - image: akurasy/hello-express:latest\n        name: nodejs-app\n        ports:\n        - containerPort: 3000\n",
            "yaml_incluster": "3b656eb979de0c46d25823a9910752763fdf25eb3fcff95bfe5239bae01e7da0"
          },
          "sensitive_attributes": [],
          "private": "eyJlMmJmYjczMC1lY2FhLTExZTYtOGY4OC0zNDM2M2JjN2M0YzAiOnsiY3JlYXRlIjo2MDAwMDAwMDAwMDB9LCJzY2hlbWFfdmVyc2lvbiI6IjEifQ=="
        }
      ]
    }
  ],
  "check_results": null
}
